
Microsoft Visual Studio Solution File, Format Version 12.00
# Visual Studio Version 17
VisualStudioVersion = 17.7.34003.232
MinimumVisualStudioVersion = 10.0.40219.1
Project("{8BC9CEB8-8B4A-11D0-8D11-00A0C91BC942}") = "SinFunction", "SinFunction\SinFunction.vcxproj", "{6FC8C1F1-97D3-4438-B651-F2F672E61AD0}"
EndProject
Global
	GlobalSection(SolutionConfigurationPlatforms) = preSolution
		Debug|x64 = Debug|x64
		Debug|x86 = Debug|x86
		Release|x64 = Release|x64
		Release|x86 = Release|x86
	EndGlobalSection
	GlobalSection(ProjectConfigurationPlatforms) = postSolution
		{6FC8C1F1-97D3-4438-B651-F2F672E61AD0}.Debug|x64.ActiveCfg = Debug|x64
		{6FC8C1F1-97D3-4438-B651-F2F672E61AD0}.Debug|x64.Build.0 = Debug|x64
		{6FC8C1F1-97D3-4438-B651-F2F672E61AD0}.Debug|x86.ActiveCfg = Debug|Win32
		{6FC8C1F1-97D3-4438-B651-F2F672E61AD0}.Debug|x86.Build.0 = Debug|Win32
		{6FC8C1F1-97D3-4438-B651-F2F672E61AD0}.Release|x64.ActiveCfg = Release|x64
		{6FC8C1F1-97D3-4438-B651-F2F672E61AD0}.Release|x64.Build.0 = Release|x64
		{6FC8C1F1-97D3-4438-B651-F2F672E61AD0}.Release|x86.ActiveCfg = Release|Win32
		{6FC8C1F1-97D3-4438-B651-F2F672E61AD0}.Release|x86.Build.0 = Release|Win32
	EndGlobalSection
	GlobalSection(SolutionProperties) = preSolution
		HideSolutionNode = FALSE
	EndGlobalSection
	GlobalSection(ExtensibilityGlobals) = postSolution
		SolutionGuid = {75B6B027-C897-4E1E-96AE-E0008E2B573E}
	EndGlobalSection
EndGlobal
